
Microsoft Visual Studio Solution File, Format Version 12.00
# Visual Studio 15
VisualStudioVersion = 15.0.28307.902
MinimumVisualStudioVersion = 10.0.40219.1
Project("{8BC9CEB8-8B4A-11D0-8D11-00A0C91BC942}") = "PacMan", "PacMan\PacMan.vcxproj", "{C43DC26F-4722-48E8-8E14-BD246B068FF6}"
EndProject
Project("{8BC9CEB8-8B4A-11D0-8D11-00A0C91BC942}") = "Quintessence", "Quintessence\Quintessence.vcxproj", "{D58266A5-D8B8-4BC0-8BCF-85CEA4592ACC}"
EndProject
Global
	GlobalSection(SolutionConfigurationPlatforms) = preSolution
		Debug|x64 = Debug|x64
		Debug|x86 = Debug|x86
		Release|x64 = Release|x64
		Release|x86 = Release|x86
	EndGlobalSection
	GlobalSection(ProjectConfigurationPlatforms) = postSolution
		{C43DC26F-4722-48E8-8E14-BD246B068FF6}.Debug|x64.ActiveCfg = Debug|x64
		{C43DC26F-4722-48E8-8E14-BD246B068FF6}.Debug|x64.Build.0 = Debug|x64
		{C43DC26F-4722-48E8-8E14-BD246B068FF6}.Debug|x86.ActiveCfg = Debug|Win32
		{C43DC26F-4722-48E8-8E14-BD246B068FF6}.Debug|x86.Build.0 = Debug|Win32
		{C43DC26F-4722-48E8-8E14-BD246B068FF6}.Release|x64.ActiveCfg = Release|x64
		{C43DC26F-4722-48E8-8E14-BD246B068FF6}.Release|x64.Build.0 = Release|x64
		{C43DC26F-4722-48E8-8E14-BD246B068FF6}.Release|x86.ActiveCfg = Release|Win32
		{C43DC26F-4722-48E8-8E14-BD246B068FF6}.Release|x86.Build.0 = Release|Win32
		{D58266A5-D8B8-4BC0-8BCF-85CEA4592ACC}.Debug|x64.ActiveCfg = Debug|x64
		{D58266A5-D8B8-4BC0-8BCF-85CEA4592ACC}.Debug|x64.Build.0 = Debug|x64
		{D58266A5-D8B8-4BC0-8BCF-85CEA4592ACC}.Debug|x86.ActiveCfg = Debug|Win32
		{D58266A5-D8B8-4BC0-8BCF-85CEA4592ACC}.Debug|x86.Build.0 = Debug|Win32
		{D58266A5-D8B8-4BC0-8BCF-85CEA4592ACC}.Release|x64.ActiveCfg = Release|x64
		{D58266A5-D8B8-4BC0-8BCF-85CEA4592ACC}.Release|x64.Build.0 = Release|x64
		{D58266A5-D8B8-4BC0-8BCF-85CEA4592ACC}.Release|x86.ActiveCfg = Release|Win32
		{D58266A5-D8B8-4BC0-8BCF-85CEA4592ACC}.Release|x86.Build.0 = Release|Win32
	EndGlobalSection
	GlobalSection(SolutionProperties) = preSolution
		HideSolutionNode = FALSE
	EndGlobalSection
	GlobalSection(ExtensibilityGlobals) = postSolution
		SolutionGuid = {3F2B72BD-1A4C-4F2A-825F-CE04658EDFC2}
	EndGlobalSection
EndGlobal
