
Microsoft Visual Studio Solution File, Format Version 12.00
# Visual Studio 15
VisualStudioVersion = 15.0.27428.2002
MinimumVisualStudioVersion = 10.0.40219.1
Project("{8BC9CEB8-8B4A-11D0-8D11-00A0C91BC942}") = "ProducerConsumer", "ProducerConsumer\ProducerConsumer.vcxproj", "{C1682022-1D82-4240-A80A-8CAF51655E92}"
EndProject
Global
	GlobalSection(SolutionConfigurationPlatforms) = preSolution
		Debug|x64 = Debug|x64
		Debug|x86 = Debug|x86
		Release|x64 = Release|x64
		Release|x86 = Release|x86
	EndGlobalSection
	GlobalSection(ProjectConfigurationPlatforms) = postSolution
		{C1682022-1D82-4240-A80A-8CAF51655E92}.Debug|x64.ActiveCfg = Debug|x64
		{C1682022-1D82-4240-A80A-8CAF51655E92}.Debug|x64.Build.0 = Debug|x64
		{C1682022-1D82-4240-A80A-8CAF51655E92}.Debug|x86.ActiveCfg = Debug|Win32
		{C1682022-1D82-4240-A80A-8CAF51655E92}.Debug|x86.Build.0 = Debug|Win32
		{C1682022-1D82-4240-A80A-8CAF51655E92}.Release|x64.ActiveCfg = Release|x64
		{C1682022-1D82-4240-A80A-8CAF51655E92}.Release|x64.Build.0 = Release|x64
		{C1682022-1D82-4240-A80A-8CAF51655E92}.Release|x86.ActiveCfg = Release|Win32
		{C1682022-1D82-4240-A80A-8CAF51655E92}.Release|x86.Build.0 = Release|Win32
	EndGlobalSection
	GlobalSection(SolutionProperties) = preSolution
		HideSolutionNode = FALSE
	EndGlobalSection
	GlobalSection(ExtensibilityGlobals) = postSolution
		SolutionGuid = {F25B6F14-E1AC-4EBD-8474-2D9604E154C4}
	EndGlobalSection
EndGlobal
